Microsoft Visual Studio Solution File, Format Version 8.00
Project("{F184B08F-C81C-45F6-A57F-5ABD9991F28F}") = "WinformsVb", "WinformsVb.vbproj", "{E4A4969C-344D-4E1C-B9C6-299DC97A2AAE}"
	ProjectSection(ProjectDependencies) = postProject
	EndProjectSection
EndProject
Global
	GlobalSection(SolutionConfiguration) = preSolution
		Debug = Debug
		Release = Release
	EndGlobalSection
	GlobalSection(ProjectDependencies) = postSolution
	EndGlobalSection
	GlobalSection(ProjectConfiguration) = postSolution
		{E4A4969C-344D-4E1C-B9C6-299DC97A2AAE}.Debug.ActiveCfg = Debug|.NET
		{E4A4969C-344D-4E1C-B9C6-299DC97A2AAE}.Debug.Build.0 = Debug|.NET
		{E4A4969C-344D-4E1C-B9C6-299DC97A2AAE}.Release.ActiveCfg = Release|.NET
		{E4A4969C-344D-4E1C-B9C6-299DC97A2AAE}.Release.Build.0 = Release|.NET
	EndGlobalSection
	GlobalSection(ExtensibilityGlobals) = postSolution
	EndGlobalSection
	GlobalSection(ExtensibilityAddIns) = postSolution
	EndGlobalSection
EndGlobal
